
Microsoft Visual Studio Solution File, Format Version 12.00
# Visual Studio Version 17
VisualStudioVersion = 17.3.32922.545
MinimumVisualStudioVersion = 10.0.40219.1
Project("{9A19103F-16F7-4668-BE54-9A1E7A4F7556}") = "Uneed_API", "Uneed_API\Uneed_API.csproj", "{11EF16EA-85C9-48EE-BD44-1DC01D0230E4}"
EndProject
Project("{FAE04EC0-301F-11D3-BF4B-00C04F79EFBC}") = "Uneed_Mongo_API", "Uneed_Mongo_API\Uneed_Mongo_API.csproj", "{0A00F3B2-5C50-49EA-8394-7DAD8D3D9D93}"
EndProject
Global
	GlobalSection(SolutionConfigurationPlatforms) = preSolution
		Debug|Any CPU = Debug|Any CPU
		Release|Any CPU = Release|Any CPU
	EndGlobalSection
	GlobalSection(ProjectConfigurationPlatforms) = postSolution
		{11EF16EA-85C9-48EE-BD44-1DC01D0230E4}.Debug|Any CPU.ActiveCfg = Debug|Any CPU
		{11EF16EA-85C9-48EE-BD44-1DC01D0230E4}.Debug|Any CPU.Build.0 = Debug|Any CPU
		{11EF16EA-85C9-48EE-BD44-1DC01D0230E4}.Release|Any CPU.ActiveCfg = Release|Any CPU
		{11EF16EA-85C9-48EE-BD44-1DC01D0230E4}.Release|Any CPU.Build.0 = Release|Any CPU
		{0A00F3B2-5C50-49EA-8394-7DAD8D3D9D93}.Debug|Any CPU.ActiveCfg = Debug|Any CPU
		{0A00F3B2-5C50-49EA-8394-7DAD8D3D9D93}.Debug|Any CPU.Build.0 = Debug|Any CPU
		{0A00F3B2-5C50-49EA-8394-7DAD8D3D9D93}.Release|Any CPU.ActiveCfg = Release|Any CPU
		{0A00F3B2-5C50-49EA-8394-7DAD8D3D9D93}.Release|Any CPU.Build.0 = Release|Any CPU
	EndGlobalSection
	GlobalSection(SolutionProperties) = preSolution
		HideSolutionNode = FALSE
	EndGlobalSection
	GlobalSection(ExtensibilityGlobals) = postSolution
		SolutionGuid = {39A89634-D89D-4BC8-AC48-F780673B3B79}
	EndGlobalSection
EndGlobal
